# This file is automatically @generated by Cargo.
# It is not intended for manual editing.
version = 4

[[package]]
name = "source-abi"
version = "0.1.0"
dependencies = [
 "source-bsp",
 "source-compress",
 "source-console",
 "source-d3d9",
 "source-demo",
 "source-filesystem",
 "source-host",
 "source-input",
 "source-materialsystem",
 "source-net",
 "source-render",
 "source-save",
 "source-scene",
 "source-vpk",
]

[[package]]
name = "source-audio"
version = "0.1.0"
dependencies = [
 "source-binary",
]

[[package]]
name = "source-binary"
version = "0.1.0"

[[package]]
name = "source-bsp"
version = "0.1.0"
dependencies = [
 "source-binary",
]

[[package]]
name = "source-bsp-tool"
version = "0.1.0"
dependencies = [
 "source-bsp",
]

[[package]]
name = "source-compress"
version = "0.1.0"

[[package]]
name = "source-console"
version = "0.1.0"

[[package]]
name = "source-content-audit"
version = "0.1.0"
dependencies = [
 "source-audio",
 "source-bsp",
 "source-demo",
 "source-dmx",
 "source-keyvalues",
 "source-net",
 "source-save",
 "source-scene",
 "source-studio",
 "source-vpk",
 "source-vtf",
]

[[package]]
name = "source-d3d9"
version = "0.1.0"

[[package]]
name = "source-demo"
version = "0.1.0"
dependencies = [
 "source-binary",
]

[[package]]
name = "source-dmx"
version = "0.1.0"
dependencies = [
 "source-binary",
]

[[package]]
name = "source-filesystem"
version = "0.1.0"
dependencies = [
 "source-pak",
 "source-vpk",
]

[[package]]
name = "source-host"
version = "0.1.0"

[[package]]
name = "source-input"
version = "0.1.0"

[[package]]
name = "source-keyvalues"
version = "0.1.0"

[[package]]
name = "source-launcher"
version = "0.1.0"

[[package]]
name = "source-material"
version = "0.1.0"
dependencies = [
 "source-keyvalues",
 "source-vpk",
]

[[package]]
name = "source-materialsystem"
version = "0.1.0"
dependencies = [
 "source-bsp",
 "source-filesystem",
 "source-material",
 "source-render",
 "source-studio",
 "source-vtf",
]

[[package]]
name = "source-net"
version = "0.1.0"
dependencies = [
 "source-binary",
]

[[package]]
name = "source-pak"
version = "0.1.0"
dependencies = [
 "source-vpk",
]

[[package]]
name = "source-render"
version = "0.1.0"
dependencies = [
 "source-bsp",
]

[[package]]
name = "source-save"
version = "0.1.0"
dependencies = [
 "source-binary",
]

[[package]]
name = "source-scene"
version = "0.1.0"
dependencies = [
 "source-binary",
]

[[package]]
name = "source-studio"
version = "0.1.0"
dependencies = [
 "source-binary",
 "source-filesystem",
 "source-keyvalues",
 "source-vpk",
]

[[package]]
name = "source-vpk"
version = "0.1.0"
dependencies = [
 "source-binary",
]

[[package]]
name = "source-vpk-tool"
version = "0.1.0"
dependencies = [
 "source-vpk",
]

[[package]]
name = "source-vtf"
version = "0.1.0"
dependencies = [
 "source-binary",
]
